
Microsoft Visual Studio Solution File, Format Version 12.00
# Visual Studio Version 17
VisualStudioVersion = 17.13.35825.156 d17.13
MinimumVisualStudioVersion = 10.0.40219.1
Project("{FAE04EC0-301F-11D3-BF4B-00C04F79EFBC}") = "lesson1example2", "lesson1example2.csproj", "{A2B94169-1E3E-4BD9-91C2-322F01703E36}"
EndProject
Global
	GlobalSection(SolutionConfigurationPlatforms) = preSolution
		Debug|Any CPU = Debug|Any CPU
		Release|Any CPU = Release|Any CPU
	EndGlobalSection
	GlobalSection(ProjectConfigurationPlatforms) = postSolution
		{A2B94169-1E3E-4BD9-91C2-322F01703E36}.Debug|Any CPU.ActiveCfg = Debug|Any CPU
		{A2B94169-1E3E-4BD9-91C2-322F01703E36}.Debug|Any CPU.Build.0 = Debug|Any CPU
		{A2B94169-1E3E-4BD9-91C2-322F01703E36}.Release|Any CPU.ActiveCfg = Release|Any CPU
		{A2B94169-1E3E-4BD9-91C2-322F01703E36}.Release|Any CPU.Build.0 = Release|Any CPU
	EndGlobalSection
	GlobalSection(SolutionProperties) = preSolution
		HideSolutionNode = FALSE
	EndGlobalSection
	GlobalSection(ExtensibilityGlobals) = postSolution
		SolutionGuid = {2A1AEE03-459D-43C5-A3C8-E7FEA3966B31}
	EndGlobalSection
EndGlobal
